// !$*UTF8*$!
{
	archiveVersion = 1;
	classes = {
	};
	objectVersion = 56;
	objects = {

/* Begin PBXBuildFile section */
		311B39BD2FC1D2DA00F0B22C /* SectionHeaderView.swift in Sources */ = {isa = PBXBuildFile; fileRef = 311B39BB2FC1D2DA00F0B22C /* SectionHeaderView.swift */; };
		311B39BE2FC1D2DA00F0B22C /* SectionHeaderView.xib in Resources */ = {isa = PBXBuildFile; fileRef = 311B39BC2FC1D2DA00F0B22C /* SectionHeaderView.xib */; };
		311B39CC2FC1F1F700F0B22C /* Alamofire in Frameworks */ = {isa = PBXBuildFile; productRef = 311B39CB2FC1F1F700F0B22C /* Alamofire */; };
		311B39D22FC1F89300F0B22C /* TeamDetailsViewController.swift in Sources */ = {isa = PBXBuildFile; fileRef = 311B39D12FC1F89300F0B22C /* TeamDetailsViewController.swift */; };
		311B39D52FC1F8C400F0B22C /* PlayerTableViewCell.swift in Sources */ = {isa = PBXBuildFile; fileRef = 311B39D42FC1F8C400F0B22C /* PlayerTableViewCell.swift */; };
		311B39D82FC2003300F0B22C /* SportsViewController.swift in Sources */ = {isa = PBXBuildFile; fileRef = 311B39D72FC2003300F0B22C /* SportsViewController.swift */; };
		311B39DB2FC2007600F0B22C /* SportCollectionViewCell.swift in Sources */ = {isa = PBXBuildFile; fileRef = 311B39D92FC2007600F0B22C /* SportCollectionViewCell.swift */; };
		311B39DC2FC2007600F0B22C /* SportCollectionViewCell.xib in Resources */ = {isa = PBXBuildFile; fileRef = 311B39DA2FC2007600F0B22C /* SportCollectionViewCell.xib */; };
		311B39E02FC213BE00F0B22C /* FavouritesViewController.swift in Sources */ = {isa = PBXBuildFile; fileRef = 311B39DF2FC213BE00F0B22C /* FavouritesViewController.swift */; };
		311B39E22FC213E300F0B22C /* LeaguesViewController.swift in Sources */ = {isa = PBXBuildFile; fileRef = 311B39E12FC213E300F0B22C /* LeaguesViewController.swift */; };
		311B39E52FC2143800F0B22C /* LeagueTableViewCell.swift in Sources */ = {isa = PBXBuildFile; fileRef = 311B39E32FC2143800F0B22C /* LeagueTableViewCell.swift */; };
		311B39E62FC2143800F0B22C /* LeagueTableViewCell.xib in Resources */ = {isa = PBXBuildFile; fileRef = 311B39E42FC2143800F0B22C /* LeagueTableViewCell.xib */; };
		3122A8122FC3B57D0047AA73 /* TennisPlayerViewController.swift in Sources */ = {isa = PBXBuildFile; fileRef = 3122A8112FC3B57D0047AA73 /* TennisPlayerViewController.swift */; };
		3122A8162FC3B88F0047AA73 /* HeaderCollectionViewCell.swift in Sources */ = {isa = PBXBuildFile; fileRef = 3122A8152FC3B88F0047AA73 /* HeaderCollectionViewCell.swift */; };
		3122A8182FC3B8FE0047AA73 /* StatisticsCollectionViewCell.swift in Sources */ = {isa = PBXBuildFile; fileRef = 3122A8172FC3B8FE0047AA73 /* StatisticsCollectionViewCell.swift */; };
		3122A81B2FC3B9240047AA73 /* TournamentCollectionViewCell.swift in Sources */ = {isa = PBXBuildFile; fileRef = 3122A81A2FC3B9240047AA73 /* TournamentCollectionViewCell.swift */; };
		314FBB5B2FC090F40098C39B /* AppDelegate.swift in Sources */ = {isa = PBXBuildFile; fileRef = 314FBB5A2FC090F40098C39B /* AppDelegate.swift */; };
		314FBB5D2FC090F40098C39B /* SceneDelegate.swift in Sources */ = {isa = PBXBuildFile; fileRef = 314FBB5C2FC090F40098C39B /* SceneDelegate.swift */; };
		314FBB5F2FC090F40098C39B /* ViewController.swift in Sources */ = {isa = PBXBuildFile; fileRef = 314FBB5E2FC090F40098C39B /* ViewController.swift */; };
		314FBB622FC090F40098C39B /* Main.storyboard in Resources */ = {isa = PBXBuildFile; fileRef = 314FBB602FC090F40098C39B /* Main.storyboard */; };
		314FBB652FC090F40098C39B /* SportsApp.xcdatamodeld in Sources */ = {isa = PBXBuildFile; fileRef = 314FBB632FC090F40098C39B /* SportsApp.xcdatamodeld */; };
		314FBB672FC090F60098C39B /* Assets.xcassets in Resources */ = {isa = PBXBuildFile; fileRef = 314FBB662FC090F60098C39B /* Assets.xcassets */; };
		314FBB6A2FC090F60098C39B /* LaunchScreen.storyboard in Resources */ = {isa = PBXBuildFile; fileRef = 314FBB682FC090F60098C39B /* LaunchScreen.storyboard */; };
		314FBB752FC090F60098C39B /* SportsAppTests.swift in Sources */ = {isa = PBXBuildFile; fileRef = 314FBB742FC090F60098C39B /* SportsAppTests.swift */; };
		314FBB7F2FC090F60098C39B /* SportsAppUITests.swift in Sources */ = {isa = PBXBuildFile; fileRef = 314FBB7E2FC090F60098C39B /* SportsAppUITests.swift */; };
		314FBB812FC090F60098C39B /* SportsAppUITestsLaunchTests.swift in Sources */ = {isa = PBXBuildFile; fileRef = 314FBB802FC090F60098C39B /* SportsAppUITestsLaunchTests.swift */; };
		31C3E7192FC11DA800347DE2 /* Contestant.swift in Sources */ = {isa = PBXBuildFile; fileRef = 31C3E7182FC11DA800347DE2 /* Contestant.swift */; };
		31C3E71B2FC11DBE00347DE2 /* Fixture.swift in Sources */ = {isa = PBXBuildFile; fileRef = 31C3E71A2FC11DBE00347DE2 /* Fixture.swift */; };
		31C3E7202FC11EB400347DE2 /* LeagueDetailsCollectionViewController.swift in Sources */ = {isa = PBXBuildFile; fileRef = 31C3E71F2FC11EB400347DE2 /* LeagueDetailsCollectionViewController.swift */; };
		31C3E7282FC1266500347DE2 /* UpcomingEventCollectionViewCell.swift in Sources */ = {isa = PBXBuildFile; fileRef = 31C3E7272FC1266500347DE2 /* UpcomingEventCollectionViewCell.swift */; };
		31C3E72A2FC12C3000347DE2 /* LatestEventCollectionViewCell.swift in Sources */ = {isa = PBXBuildFile; fileRef = 31C3E7292FC12C3000347DE2 /* LatestEventCollectionViewCell.swift */; };
		31C3E72C2FC12C3F00347DE2 /* ContestantCollectionViewCell.swift in Sources */ = {isa = PBXBuildFile; fileRef = 31C3E72B2FC12C3F00347DE2 /* ContestantCollectionViewCell.swift */; };
		31C3E7302FC1441800347DE2 /* SDWebImage in Frameworks */ = {isa = PBXBuildFile; productRef = 31C3E72F2FC1441800347DE2 /* SDWebImage */; };
		31C3E7322FC1441800347DE2 /* SDWebImageMapKit in Frameworks */ = {isa = PBXBuildFile; productRef = 31C3E7312FC1441800347DE2 /* SDWebImageMapKit */; };
		31D79C022FC42D47007688EB /* LeagueDetailsPresenter.swift in Sources */ = {isa = PBXBuildFile; fileRef = 31D79C012FC42D47007688EB /* LeagueDetailsPresenter.swift */; };
		31D79C042FC42F4F007688EB /* LeagueDetailsContract.swift in Sources */ = {isa = PBXBuildFile; fileRef = 31D79C032FC42F4F007688EB /* LeagueDetailsContract.swift */; };
		9F02D8592FC504DF00396D01 /* TennisPlayerViewProtocol.swift in Sources */ = {isa = PBXBuildFile; fileRef = 9F02D8582FC504DF00396D01 /* TennisPlayerViewProtocol.swift */; };
		9F02D85B2FC504F100396D01 /* TennisPlayerPresenter.swift in Sources */ = {isa = PBXBuildFile; fileRef = 9F02D85A2FC504F100396D01 /* TennisPlayerPresenter.swift */; };
		9F0333272FC502C7006DBAFF /* TeamDetailsViewProtocol.swift in Sources */ = {isa = PBXBuildFile; fileRef = 9F0333262FC502C7006DBAFF /* TeamDetailsViewProtocol.swift */; };
		9F0333292FC502DD006DBAFF /* TeamDetailsPresenter.swift in Sources */ = {isa = PBXBuildFile; fileRef = 9F0333282FC502DD006DBAFF /* TeamDetailsPresenter.swift */; };
		9F0D07402FC28118001DB23E /* SportModel.swift in Sources */ = {isa = PBXBuildFile; fileRef = 9F0D073F2FC28118001DB23E /* SportModel.swift */; };
		9F0D07422FC2813C001DB23E /* APIResponse.swift in Sources */ = {isa = PBXBuildFile; fileRef = 9F0D07412FC2813C001DB23E /* APIResponse.swift */; };
		9F0D07442FC28145001DB23E /* LeagueModel.swift in Sources */ = {isa = PBXBuildFile; fileRef = 9F0D07432FC28145001DB23E /* LeagueModel.swift */; };
		9F0D07462FC2814E001DB23E /* EventModel.swift in Sources */ = {isa = PBXBuildFile; fileRef = 9F0D07452FC2814E001DB23E /* EventModel.swift */; };
		9F0D07482FC28157001DB23E /* TeamModel.swift in Sources */ = {isa = PBXBuildFile; fileRef = 9F0D07472FC28157001DB23E /* TeamModel.swift */; };
		9F0D074A2FC28160001DB23E /* NetworkService.swift in Sources */ = {isa = PBXBuildFile; fileRef = 9F0D07492FC28160001DB23E /* NetworkService.swift */; };
		9F3EF5382FC3E61A004048A2 /* TennisPlayerModel.swift in Sources */ = {isa = PBXBuildFile; fileRef = 9F3EF5372FC3E61A004048A2 /* TennisPlayerModel.swift */; };
		9F3EF54D2FC3EFBF004048A2 /* FavouritesContract.swift in Sources */ = {isa = PBXBuildFile; fileRef = 9F3EF54C2FC3EFBF004048A2 /* FavouritesContract.swift */; };
		9F3EF54F2FC3EFE8004048A2 /* FavouritesPresenter.swift in Sources */ = {isa = PBXBuildFile; fileRef = 9F3EF54E2FC3EFE8004048A2 /* FavouritesPresenter.swift */; };
		9F8D11712FC2963900B16926 /* SportsContract.swift in Sources */ = {isa = PBXBuildFile; fileRef = 9F8D11702FC2963900B16926 /* SportsContract.swift */; };
		9F8D11732FC2964E00B16926 /* SportsPresenter.swift in Sources */ = {isa = PBXBuildFile; fileRef = 9F8D11722FC2964E00B16926 /* SportsPresenter.swift */; };
		9FE078122FC2A85800C0B4C0 /* UIImageView+Extension.swift in Sources */ = {isa = PBXBuildFile; fileRef = 9FE078112FC2A85800C0B4C0 /* UIImageView+Extension.swift */; };
		9FE078142FC2A88F00C0B4C0 /* LeaguesContract.swift in Sources */ = {isa = PBXBuildFile; fileRef = 9FE078132FC2A88F00C0B4C0 /* LeaguesContract.swift */; };
		9FE078162FC2A89900C0B4C0 /* LeaguesPresenter.swift in Sources */ = {isa = PBXBuildFile; fileRef = 9FE078152FC2A89900C0B4C0 /* LeaguesPresenter.swift */; };
/* End PBXBuildFile section */

/* Begin PBXContainerItemProxy section */
		314FBB712FC090F60098C39B /* PBXContainerItemProxy */ = {
			isa = PBXContainerItemProxy;
			containerPortal = 314FBB4F2FC090F40098C39B /* Project object */;
			proxyType = 1;
			remoteGlobalIDString = 314FBB562FC090F40098C39B;
			remoteInfo = SportsApp;
		};
		314FBB7B2FC090F60098C39B /* PBXContainerItemProxy */ = {
			isa = PBXContainerItemProxy;
			containerPortal = 314FBB4F2FC090F40098C39B /* Project object */;
			proxyType = 1;
			remoteGlobalIDString = 314FBB562FC090F40098C39B;
			remoteInfo = SportsApp;
		};
/* End PBXContainerItemProxy section */

/* Begin PBXCopyFilesBuildPhase section */
		311B39D02FC1F1F700F0B22C /* Embed Frameworks */ = {
			isa = PBXCopyFilesBuildPhase;
			buildActionMask = 2147483647;
			dstPath = "";
			dstSubfolderSpec = 10;
			files = (
			);
			name = "Embed Frameworks";
			runOnlyForDeploymentPostprocessing = 0;
		};
/* End PBXCopyFilesBuildPhase section */

/* Begin PBXFileReference section */
		311B39BB2FC1D2DA00F0B22C /* SectionHeaderView.swift */ = {isa = PBXFileReference; lastKnownFileType = sourcecode.swift; path = SectionHeaderView.swift; sourceTree = "<group>"; };
		311B39BC2FC1D2DA00F0B22C /* SectionHeaderView.xib */ = {isa = PBXFileReference; lastKnownFileType = file.xib; path = SectionHeaderView.xib; sourceTree = "<group>"; };
		311B39D12FC1F89300F0B22C /* TeamDetailsViewController.swift */ = {isa = PBXFileReference; lastKnownFileType = sourcecode.swift; path = TeamDetailsViewController.swift; sourceTree = "<group>"; };
		311B39D42FC1F8C400F0B22C /* PlayerTableViewCell.swift */ = {isa = PBXFileReference; lastKnownFileType = sourcecode.swift; path = PlayerTableViewCell.swift; sourceTree = "<group>"; };
		311B39D72FC2003300F0B22C /* SportsViewController.swift */ = {isa = PBXFileReference; lastKnownFileType = sourcecode.swift; path = SportsViewController.swift; sourceTree = "<group>"; };
		311B39D92FC2007600F0B22C /* SportCollectionViewCell.swift */ = {isa = PBXFileReference; lastKnownFileType = sourcecode.swift; path = SportCollectionViewCell.swift; sourceTree = "<group>"; };
		311B39DA2FC2007600F0B22C /* SportCollectionViewCell.xib */ = {isa = PBXFileReference; lastKnownFileType = file.xib; path = SportCollectionViewCell.xib; sourceTree = "<group>"; };
		311B39DF2FC213BE00F0B22C /* FavouritesViewController.swift */ = {isa = PBXFileReference; lastKnownFileType = sourcecode.swift; path = FavouritesViewController.swift; sourceTree = "<group>"; };
		311B39E12FC213E300F0B22C /* LeaguesViewController.swift */ = {isa = PBXFileReference; lastKnownFileType = sourcecode.swift; path = LeaguesViewController.swift; sourceTree = "<group>"; };
		311B39E32FC2143800F0B22C /* LeagueTableViewCell.swift */ = {isa = PBXFileReference; lastKnownFileType = sourcecode.swift; path = LeagueTableViewCell.swift; sourceTree = "<group>"; };
		311B39E42FC2143800F0B22C /* LeagueTableViewCell.xib */ = {isa = PBXFileReference; lastKnownFileType = file.xib; path = LeagueTableViewCell.xib; sourceTree = "<group>"; };
		3122A8112FC3B57D0047AA73 /* TennisPlayerViewController.swift */ = {isa = PBXFileReference; lastKnownFileType = sourcecode.swift; path = TennisPlayerViewController.swift; sourceTree = "<group>"; };
		3122A8152FC3B88F0047AA73 /* HeaderCollectionViewCell.swift */ = {isa = PBXFileReference; lastKnownFileType = sourcecode.swift; path = HeaderCollectionViewCell.swift; sourceTree = "<group>"; };
		3122A8172FC3B8FE0047AA73 /* StatisticsCollectionViewCell.swift */ = {isa = PBXFileReference; lastKnownFileType = sourcecode.swift; path = StatisticsCollectionViewCell.swift; sourceTree = "<group>"; };
		3122A81A2FC3B9240047AA73 /* TournamentCollectionViewCell.swift */ = {isa = PBXFileReference; lastKnownFileType = sourcecode.swift; path = TournamentCollectionViewCell.swift; sourceTree = "<group>"; };
		314FBB572FC090F40098C39B /* SportsApp.app */ = {isa = PBXFileReference; explicitFileType = wrapper.application; includeInIndex = 0; path = SportsApp.app; sourceTree = BUILT_PRODUCTS_DIR; };
		314FBB5A2FC090F40098C39B /* AppDelegate.swift */ = {isa = PBXFileReference; lastKnownFileType = sourcecode.swift; path = AppDelegate.swift; sourceTree = "<group>"; };
		314FBB5C2FC090F40098C39B /* SceneDelegate.swift */ = {isa = PBXFileReference; lastKnownFileType = sourcecode.swift; path = SceneDelegate.swift; sourceTree = "<group>"; };
		314FBB5E2FC090F40098C39B /* ViewController.swift */ = {isa = PBXFileReference; lastKnownFileType = sourcecode.swift; path = ViewController.swift; sourceTree = "<group>"; };
		314FBB612FC090F40098C39B /* Base */ = {isa = PBXFileReference; lastKnownFileType = file.storyboard; name = Base; path = Base.lproj/Main.storyboard; sourceTree = "<group>"; };
		314FBB642FC090F40098C39B /* SportsApp.xcdatamodel */ = {isa = PBXFileReference; lastKnownFileType = wrapper.xcdatamodel; path = SportsApp.xcdatamodel; sourceTree = "<group>"; };
		314FBB662FC090F60098C39B /* Assets.xcassets */ = {isa = PBXFileReference; lastKnownFileType = folder.assetcatalog; path = Assets.xcassets; sourceTree = "<group>"; };
		314FBB692FC090F60098C39B /* Base */ = {isa = PBXFileReference; lastKnownFileType = file.storyboard; name = Base; path = Base.lproj/LaunchScreen.storyboard; sourceTree = "<group>"; };
		314FBB6B2FC090F60098C39B /* Info.plist */ = {isa = PBXFileReference; lastKnownFileType = text.plist.xml; path = Info.plist; sourceTree = "<group>"; };
		314FBB702FC090F60098C39B /* SportsAppTests.xctest */ = {isa = PBXFileReference; explicitFileType = wrapper.cfbundle; includeInIndex = 0; path = SportsAppTests.xctest; sourceTree = BUILT_PRODUCTS_DIR; };
		314FBB742FC090F60098C39B /* SportsAppTests.swift */ = {isa = PBXFileReference; lastKnownFileType = sourcecode.swift; path = SportsAppTests.swift; sourceTree = "<group>"; };
		314FBB7A2FC090F60098C39B /* SportsAppUITests.xctest */ = {isa = PBXFileReference; explicitFileType = wrapper.cfbundle; includeInIndex = 0; path = SportsAppUITests.xctest; sourceTree = BUILT_PRODUCTS_DIR; };
		314FBB7E2FC090F60098C39B /* SportsAppUITests.swift */ = {isa = PBXFileReference; lastKnownFileType = sourcecode.swift; path = SportsAppUITests.swift; sourceTree = "<group>"; };
		314FBB802FC090F60098C39B /* SportsAppUITestsLaunchTests.swift */ = {isa = PBXFileReference; lastKnownFileType = sourcecode.swift; path = SportsAppUITestsLaunchTests.swift; sourceTree = "<group>"; };
		31C3E7182FC11DA800347DE2 /* Contestant.swift */ = {isa = PBXFileReference; lastKnownFileType = sourcecode.swift; path = Contestant.swift; sourceTree = "<group>"; };
		31C3E71A2FC11DBE00347DE2 /* Fixture.swift */ = {isa = PBXFileReference; lastKnownFileType = sourcecode.swift; path = Fixture.swift; sourceTree = "<group>"; };
		31C3E71F2FC11EB400347DE2 /* LeagueDetailsCollectionViewController.swift */ = {isa = PBXFileReference; lastKnownFileType = sourcecode.swift; path = LeagueDetailsCollectionViewController.swift; sourceTree = "<group>"; };
		31C3E7272FC1266500347DE2 /* UpcomingEventCollectionViewCell.swift */ = {isa = PBXFileReference; lastKnownFileType = sourcecode.swift; path = UpcomingEventCollectionViewCell.swift; sourceTree = "<group>"; };
		31C3E7292FC12C3000347DE2 /* LatestEventCollectionViewCell.swift */ = {isa = PBXFileReference; lastKnownFileType = sourcecode.swift; path = LatestEventCollectionViewCell.swift; sourceTree = "<group>"; };
		31C3E72B2FC12C3F00347DE2 /* ContestantCollectionViewCell.swift */ = {isa = PBXFileReference; lastKnownFileType = sourcecode.swift; path = ContestantCollectionViewCell.swift; sourceTree = "<group>"; };
		31D79C012FC42D47007688EB /* LeagueDetailsPresenter.swift */ = {isa = PBXFileReference; lastKnownFileType = sourcecode.swift; path = LeagueDetailsPresenter.swift; sourceTree = "<group>"; };
		31D79C032FC42F4F007688EB /* LeagueDetailsContract.swift */ = {isa = PBXFileReference; lastKnownFileType = sourcecode.swift; path = LeagueDetailsContract.swift; sourceTree = "<group>"; };
		9F02D8582FC504DF00396D01 /* TennisPlayerViewProtocol.swift */ = {isa = PBXFileReference; lastKnownFileType = sourcecode.swift; path = TennisPlayerViewProtocol.swift; sourceTree = "<group>"; };
		9F02D85A2FC504F100396D01 /* TennisPlayerPresenter.swift */ = {isa = PBXFileReference; lastKnownFileType = sourcecode.swift; path = TennisPlayerPresenter.swift; sourceTree = "<group>"; };
		9F0333262FC502C7006DBAFF /* TeamDetailsViewProtocol.swift */ = {isa = PBXFileReference; lastKnownFileType = sourcecode.swift; path = TeamDetailsViewProtocol.swift; sourceTree = "<group>"; };
		9F0333282FC502DD006DBAFF /* TeamDetailsPresenter.swift */ = {isa = PBXFileReference; lastKnownFileType = sourcecode.swift; path = TeamDetailsPresenter.swift; sourceTree = "<group>"; };
		9F0D073F2FC28118001DB23E /* SportModel.swift */ = {isa = PBXFileReference; lastKnownFileType = sourcecode.swift; path = SportModel.swift; sourceTree = "<group>"; };
		9F0D07412FC2813C001DB23E /* APIResponse.swift */ = {isa = PBXFileReference; lastKnownFileType = sourcecode.swift; path = APIResponse.swift; sourceTree = "<group>"; };
		9F0D07432FC28145001DB23E /* LeagueModel.swift */ = {isa = PBXFileReference; lastKnownFileType = sourcecode.swift; path = LeagueModel.swift; sourceTree = "<group>"; };
		9F0D07452FC2814E001DB23E /* EventModel.swift */ = {isa = PBXFileReference; lastKnownFileType = sourcecode.swift; path = EventModel.swift; sourceTree = "<group>"; };
		9F0D07472FC28157001DB23E /* TeamModel.swift */ = {isa = PBXFileReference; lastKnownFileType = sourcecode.swift; path = TeamModel.swift; sourceTree = "<group>"; };
		9F0D07492FC28160001DB23E /* NetworkService.swift */ = {isa = PBXFileReference; lastKnownFileType = sourcecode.swift; path = NetworkService.swift; sourceTree = "<group>"; };
		9F3EF5372FC3E61A004048A2 /* TennisPlayerModel.swift */ = {isa = PBXFileReference; lastKnownFileType = sourcecode.swift; path = TennisPlayerModel.swift; sourceTree = "<group>"; };
		9F3EF54C2FC3EFBF004048A2 /* FavouritesContract.swift */ = {isa = PBXFileReference; lastKnownFileType = sourcecode.swift; path = FavouritesContract.swift; sourceTree = "<group>"; };
		9F3EF54E2FC3EFE8004048A2 /* FavouritesPresenter.swift */ = {isa = PBXFileReference; lastKnownFileType = sourcecode.swift; path = FavouritesPresenter.swift; sourceTree = "<group>"; };
		9F8D11702FC2963900B16926 /* SportsContract.swift */ = {isa = PBXFileReference; lastKnownFileType = sourcecode.swift; path = SportsContract.swift; sourceTree = "<group>"; };
		9F8D11722FC2964E00B16926 /* SportsPresenter.swift */ = {isa = PBXFileReference; lastKnownFileType = sourcecode.swift; path = SportsPresenter.swift; sourceTree = "<group>"; };
		9FE078112FC2A85800C0B4C0 /* UIImageView+Extension.swift */ = {isa = PBXFileReference; lastKnownFileType = sourcecode.swift; path = "UIImageView+Extension.swift"; sourceTree = SOURCE_ROOT; };
		9FE078132FC2A88F00C0B4C0 /* LeaguesContract.swift */ = {isa = PBXFileReference; lastKnownFileType = sourcecode.swift; path = LeaguesContract.swift; sourceTree = "<group>"; };
		9FE078152FC2A89900C0B4C0 /* LeaguesPresenter.swift */ = {isa = PBXFileReference; lastKnownFileType = sourcecode.swift; path = LeaguesPresenter.swift; sourceTree = "<group>"; };
/* End PBXFileReference section */

/* Begin PBXFrameworksBuildPhase section */
		314FBB542FC090F40098C39B /* Frameworks */ = {
			isa = PBXFrameworksBuildPhase;
			buildActionMask = 2147483647;
			files = (
				311B39CC2FC1F1F700F0B22C /* Alamofire in Frameworks */,
				31C3E7322FC1441800347DE2 /* SDWebImageMapKit in Frameworks */,
				31C3E7302FC1441800347DE2 /* SDWebImage in Frameworks */,
			);
			runOnlyForDeploymentPostprocessing = 0;
		};
		314FBB6D2FC090F60098C39B /* Frameworks */ = {
			isa = PBXFrameworksBuildPhase;
			buildActionMask = 2147483647;
			files = (
			);
			runOnlyForDeploymentPostprocessing = 0;
		};
		314FBB772FC090F60098C39B /* Frameworks */ = {
			isa = PBXFrameworksBuildPhase;
			buildActionMask = 2147483647;
			files = (
			);
			runOnlyForDeploymentPostprocessing = 0;
		};
/* End PBXFrameworksBuildPhase section */

/* Begin PBXGroup section */
		311B39BA2FC1D2C000F0B22C /* Header */ = {
			isa = PBXGroup;
			children = (
				311B39BB2FC1D2DA00F0B22C /* SectionHeaderView.swift */,
				311B39BC2FC1D2DA00F0B22C /* SectionHeaderView.xib */,
			);
			path = Header;
			sourceTree = "<group>";
		};
		311B39BF2FC1D96B00F0B22C /* TeamDetails */ = {
			isa = PBXGroup;
			children = (
				9F0333232FC50280006DBAFF /* Contract */,
				9F0333222FC50279006DBAFF /* Presenter */,
				9F0333212FC5026D006DBAFF /* View */,
			);
			path = TeamDetails;
			sourceTree = "<group>";
		};
		311B39D32FC1F89A00F0B22C /* Cell */ = {
			isa = PBXGroup;
			children = (
				311B39D42FC1F8C400F0B22C /* PlayerTableViewCell.swift */,
			);
			path = Cell;
			sourceTree = "<group>";
		};
		311B39D62FC1FFDE00F0B22C /* HomeScreen */ = {
			isa = PBXGroup;
			children = (
				9F3EF53B2FC3ECD4004048A2 /* Contract */,
				9F3EF53A2FC3ECBD004048A2 /* Presenter */,
				9F3EF5392FC3ECB2004048A2 /* View */,
			);
			path = HomeScreen;
			sourceTree = "<group>";
		};
		311B39DD2FC2136000F0B22C /* LeaguesScreen */ = {
			isa = PBXGroup;
			children = (
				9F3EF53E2FC3EE5F004048A2 /* Contract */,
				9F3EF53C2FC3EE3A004048A2 /* Presenter */,
				9F3EF53D2FC3EE45004048A2 /* View */,
			);
			path = LeaguesScreen;
			sourceTree = "<group>";
		};
		311B39DE2FC2137600F0B22C /* FavouritesScreen */ = {
			isa = PBXGroup;
			children = (
				9F3EF5402FC3EF97004048A2 /* Contract */,
				9F3EF5422FC3EF97004048A2 /* Presenter */,
				9F3EF5462FC3EF97004048A2 /* View */,
			);
			path = FavouritesScreen;
			sourceTree = "<group>";
		};
		3122A8102FC398D60047AA73 /* TennisPlayerScreen */ = {
			isa = PBXGroup;
			children = (
				9F0333242FC502AC006DBAFF /* Contract */,
				9F0333252FC502AC006DBAFF /* Presenter */,
				3122A8132FC3B85F0047AA73 /* View */,
			);
			path = TennisPlayerScreen;
			sourceTree = "<group>";
		};
		3122A8132FC3B85F0047AA73 /* View */ = {
			isa = PBXGroup;
			children = (
				3122A8142FC3B8680047AA73 /* Cells */,
				3122A8112FC3B57D0047AA73 /* TennisPlayerViewController.swift */,
			);
			path = View;
			sourceTree = "<group>";
		};
		3122A8142FC3B8680047AA73 /* Cells */ = {
			isa = PBXGroup;
			children = (
				3122A8152FC3B88F0047AA73 /* HeaderCollectionViewCell.swift */,
				3122A8172FC3B8FE0047AA73 /* StatisticsCollectionViewCell.swift */,
				3122A81A2FC3B9240047AA73 /* TournamentCollectionViewCell.swift */,
			);
			path = Cells;
			sourceTree = "<group>";
		};
		314FBB4E2FC090F40098C39B = {
			isa = PBXGroup;
			children = (
				314FBB592FC090F40098C39B /* SportsApp */,
				314FBB732FC090F60098C39B /* SportsAppTests */,
				314FBB7D2FC090F60098C39B /* SportsAppUITests */,
				314FBB582FC090F40098C39B /* Products */,
				31C3E72E2FC1441800347DE2 /* Frameworks */,
			);
			sourceTree = "<group>";
		};
		314FBB582FC090F40098C39B /* Products */ = {
			isa = PBXGroup;
			children = (
				314FBB572FC090F40098C39B /* SportsApp.app */,
				314FBB702FC090F60098C39B /* SportsAppTests.xctest */,
				314FBB7A2FC090F60098C39B /* SportsAppUITests.xctest */,
			);
			name = Products;
			sourceTree = "<group>";
		};
		314FBB592FC090F40098C39B /* SportsApp */ = {
			isa = PBXGroup;
			children = (
				314FBB932FC0AD020098C39B /* Resources */,
				314FBB922FC0ABE60098C39B /* App */,
				314FBB912FC0ABD30098C39B /* Utilities */,
				314FBB902FC0ABC80098C39B /* Services */,
				314FBB8F2FC0ABBE0098C39B /* Models */,
				314FBB8E2FC0AB9A0098C39B /* Modules */,
				314FBB5E2FC090F40098C39B /* ViewController.swift */,
				314FBB632FC090F40098C39B /* SportsApp.xcdatamodeld */,
			);
			path = SportsApp;
			sourceTree = "<group>";
		};
		314FBB732FC090F60098C39B /* SportsAppTests */ = {
			isa = PBXGroup;
			children = (
				314FBB742FC090F60098C39B /* SportsAppTests.swift */,
			);
			path = SportsAppTests;
			sourceTree = "<group>";
		};
		314FBB7D2FC090F60098C39B /* SportsAppUITests */ = {
			isa = PBXGroup;
			children = (
				314FBB7E2FC090F60098C39B /* SportsAppUITests.swift */,
				314FBB802FC090F60098C39B /* SportsAppUITestsLaunchTests.swift */,
			);
			path = SportsAppUITests;
			sourceTree = "<group>";
		};
		314FBB8E2FC0AB9A0098C39B /* Modules */ = {
			isa = PBXGroup;
			children = (
				3122A8102FC398D60047AA73 /* TennisPlayerScreen */,
				311B39DE2FC2137600F0B22C /* FavouritesScreen */,
				311B39DD2FC2136000F0B22C /* LeaguesScreen */,
				311B39D62FC1FFDE00F0B22C /* HomeScreen */,
				311B39BF2FC1D96B00F0B22C /* TeamDetails */,
				31C3E71C2FC11DC400347DE2 /* LeagueDetails */,
			);
			path = Modules;
			sourceTree = "<group>";
		};
		314FBB8F2FC0ABBE0098C39B /* Models */ = {
			isa = PBXGroup;
			children = (
				9F3EF5372FC3E61A004048A2 /* TennisPlayerModel.swift */,
				9F0D07472FC28157001DB23E /* TeamModel.swift */,
				9F0D07452FC2814E001DB23E /* EventModel.swift */,
				9F0D07432FC28145001DB23E /* LeagueModel.swift */,
				9F0D073F2FC28118001DB23E /* SportModel.swift */,
				31C3E7182FC11DA800347DE2 /* Contestant.swift */,
				31C3E71A2FC11DBE00347DE2 /* Fixture.swift */,
			);
			path = Models;
			sourceTree = "<group>";
		};
		314FBB902FC0ABC80098C39B /* Services */ = {
			isa = PBXGroup;
			children = (
				9F0D07492FC28160001DB23E /* NetworkService.swift */,
				9F0D07412FC2813C001DB23E /* APIResponse.swift */,
			);
			path = Services;
			sourceTree = "<group>";
		};
		314FBB912FC0ABD30098C39B /* Utilities */ = {
			isa = PBXGroup;
			children = (
				9FE078112FC2A85800C0B4C0 /* UIImageView+Extension.swift */,
			);
			path = Utilities;
			sourceTree = "<group>";
		};
		314FBB922FC0ABE60098C39B /* App */ = {
			isa = PBXGroup;
			children = (
				314FBB6B2FC090F60098C39B /* Info.plist */,
				314FBB5A2FC090F40098C39B /* AppDelegate.swift */,
				314FBB5C2FC090F40098C39B /* SceneDelegate.swift */,
			);
			path = App;
			sourceTree = "<group>";
		};
		314FBB932FC0AD020098C39B /* Resources */ = {
			isa = PBXGroup;
			children = (
				314FBB602FC090F40098C39B /* Main.storyboard */,
				314FBB662FC090F60098C39B /* Assets.xcassets */,
				314FBB682FC090F60098C39B /* LaunchScreen.storyboard */,
			);
			path = Resources;
			sourceTree = "<group>";
		};
		31C3E71C2FC11DC400347DE2 /* LeagueDetails */ = {
			isa = PBXGroup;
			children = (
				31D79C002FC42CBB007688EB /* Presenter */,
				31D79BFF2FC42CAF007688EB /* Contract */,
				31C3E71D2FC11E8F00347DE2 /* View */,
			);
			path = LeagueDetails;
			sourceTree = "<group>";
		};
		31C3E71D2FC11E8F00347DE2 /* View */ = {
			isa = PBXGroup;
			children = (
				311B39BA2FC1D2C000F0B22C /* Header */,
				31C3E71E2FC11E9700347DE2 /* Cell */,
				31C3E71F2FC11EB400347DE2 /* LeagueDetailsCollectionViewController.swift */,
			);
			path = View;
			sourceTree = "<group>";
		};
		31C3E71E2FC11E9700347DE2 /* Cell */ = {
			isa = PBXGroup;
			children = (
				31C3E7272FC1266500347DE2 /* UpcomingEventCollectionViewCell.swift */,
				31C3E7292FC12C3000347DE2 /* LatestEventCollectionViewCell.swift */,
				31C3E72B2FC12C3F00347DE2 /* ContestantCollectionViewCell.swift */,
			);
			path = Cell;
			sourceTree = "<group>";
		};
		31C3E72E2FC1441800347DE2 /* Frameworks */ = {
			isa = PBXGroup;
			children = (
			);
			name = Frameworks;
			sourceTree = "<group>";
		};
		31D79BFF2FC42CAF007688EB /* Contract */ = {
			isa = PBXGroup;
			children = (
				31D79C032FC42F4F007688EB /* LeagueDetailsContract.swift */,
			);
			path = Contract;
			sourceTree = "<group>";
		};
		31D79C002FC42CBB007688EB /* Presenter */ = {
			isa = PBXGroup;
			children = (
				31D79C012FC42D47007688EB /* LeagueDetailsPresenter.swift */,
			);
			path = Presenter;
			sourceTree = "<group>";
		};
		9F0333212FC5026D006DBAFF /* View */ = {
			isa = PBXGroup;
			children = (
				311B39D12FC1F89300F0B22C /* TeamDetailsViewController.swift */,
				311B39D32FC1F89A00F0B22C /* Cell */,
			);
			path = View;
			sourceTree = "<group>";
		};
		9F0333222FC50279006DBAFF /* Presenter */ = {
			isa = PBXGroup;
			children = (
				9F0333282FC502DD006DBAFF /* TeamDetailsPresenter.swift */,
			);
			path = Presenter;
			sourceTree = "<group>";
		};
		9F0333232FC50280006DBAFF /* Contract */ = {
			isa = PBXGroup;
			children = (
				9F0333262FC502C7006DBAFF /* TeamDetailsViewProtocol.swift */,
			);
			path = Contract;
			sourceTree = "<group>";
		};
		9F0333242FC502AC006DBAFF /* Contract */ = {
			isa = PBXGroup;
			children = (
				9F02D8582FC504DF00396D01 /* TennisPlayerViewProtocol.swift */,
			);
			path = Contract;
			sourceTree = "<group>";
		};
		9F0333252FC502AC006DBAFF /* Presenter */ = {
			isa = PBXGroup;
			children = (
				9F02D85A2FC504F100396D01 /* TennisPlayerPresenter.swift */,
			);
			path = Presenter;
			sourceTree = "<group>";
		};
		9F3EF5392FC3ECB2004048A2 /* View */ = {
			isa = PBXGroup;
			children = (
				311B39D72FC2003300F0B22C /* SportsViewController.swift */,
				311B39D92FC2007600F0B22C /* SportCollectionViewCell.swift */,
				311B39DA2FC2007600F0B22C /* SportCollectionViewCell.xib */,
			);
			path = View;
			sourceTree = "<group>";
		};
		9F3EF53A2FC3ECBD004048A2 /* Presenter */ = {
			isa = PBXGroup;
			children = (
				9F8D11722FC2964E00B16926 /* SportsPresenter.swift */,
			);
			path = Presenter;
			sourceTree = "<group>";
		};
		9F3EF53B2FC3ECD4004048A2 /* Contract */ = {
			isa = PBXGroup;
			children = (
				9F8D11702FC2963900B16926 /* SportsContract.swift */,
			);
			path = Contract;
			sourceTree = "<group>";
		};
		9F3EF53C2FC3EE3A004048A2 /* Presenter */ = {
			isa = PBXGroup;
			children = (
				9FE078152FC2A89900C0B4C0 /* LeaguesPresenter.swift */,
			);
			path = Presenter;
			sourceTree = "<group>";
		};
		9F3EF53D2FC3EE45004048A2 /* View */ = {
			isa = PBXGroup;
			children = (
				311B39E12FC213E300F0B22C /* LeaguesViewController.swift */,
				311B39E32FC2143800F0B22C /* LeagueTableViewCell.swift */,
				311B39E42FC2143800F0B22C /* LeagueTableViewCell.xib */,
			);
			path = View;
			sourceTree = "<group>";
		};
		9F3EF53E2FC3EE5F004048A2 /* Contract */ = {
			isa = PBXGroup;
			children = (
				9FE078132FC2A88F00C0B4C0 /* LeaguesContract.swift */,
			);
			path = Contract;
			sourceTree = "<group>";
		};
		9F3EF5402FC3EF97004048A2 /* Contract */ = {
			isa = PBXGroup;
			children = (
				9F3EF54C2FC3EFBF004048A2 /* FavouritesContract.swift */,
			);
			path = Contract;
			sourceTree = "<group>";
		};
		9F3EF5422FC3EF97004048A2 /* Presenter */ = {
			isa = PBXGroup;
			children = (
				9F3EF54E2FC3EFE8004048A2 /* FavouritesPresenter.swift */,
			);
			path = Presenter;
			sourceTree = "<group>";
		};
		9F3EF5462FC3EF97004048A2 /* View */ = {
			isa = PBXGroup;
			children = (
				311B39DF2FC213BE00F0B22C /* FavouritesViewController.swift */,
			);
			path = View;
			sourceTree = "<group>";
		};
/* End PBXGroup section */

/* Begin PBXNativeTarget section */
		314FBB562FC090F40098C39B /* SportsApp */ = {
			isa = PBXNativeTarget;
			buildConfigurationList = 314FBB842FC090F60098C39B /* Build configuration list for PBXNativeTarget "SportsApp" */;
			buildPhases = (
				314FBB532FC090F40098C39B /* Sources */,
				314FBB542FC090F40098C39B /* Frameworks */,
				314FBB552FC090F40098C39B /* Resources */,
				311B39D02FC1F1F700F0B22C /* Embed Frameworks */,
			);
			buildRules = (
			);
			dependencies = (
			);
			name = SportsApp;
			packageProductDependencies = (
				31C3E72F2FC1441800347DE2 /* SDWebImage */,
				31C3E7312FC1441800347DE2 /* SDWebImageMapKit */,
				311B39CB2FC1F1F700F0B22C /* Alamofire */,
			);
			productName = SportsApp;
			productReference = 314FBB572FC090F40098C39B /* SportsApp.app */;
			productType = "com.apple.product-type.application";
		};
		314FBB6F2FC090F60098C39B /* SportsAppTests */ = {
			isa = PBXNativeTarget;
			buildConfigurationList = 314FBB872FC090F60098C39B /* Build configuration list for PBXNativeTarget "SportsAppTests" */;
			buildPhases = (
				314FBB6C2FC090F60098C39B /* Sources */,
				314FBB6D2FC090F60098C39B /* Frameworks */,
				314FBB6E2FC090F60098C39B /* Resources */,
			);
			buildRules = (
			);
			dependencies = (
				314FBB722FC090F60098C39B /* PBXTargetDependency */,
			);
			name = SportsAppTests;
			productName = SportsAppTests;
			productReference = 314FBB702FC090F60098C39B /* SportsAppTests.xctest */;
			productType = "com.apple.product-type.bundle.unit-test";
		};
		314FBB792FC090F60098C39B /* SportsAppUITests */ = {
			isa = PBXNativeTarget;
			buildConfigurationList = 314FBB8A2FC090F60098C39B /* Build configuration list for PBXNativeTarget "SportsAppUITests" */;
			buildPhases = (
				314FBB762FC090F60098C39B /* Sources */,
				314FBB772FC090F60098C39B /* Frameworks */,
				314FBB782FC090F60098C39B /* Resources */,
			);
			buildRules = (
			);
			dependencies = (
				314FBB7C2FC090F60098C39B /* PBXTargetDependency */,
			);
			name = SportsAppUITests;
			productName = SportsAppUITests;
			productReference = 314FBB7A2FC090F60098C39B /* SportsAppUITests.xctest */;
			productType = "com.apple.product-type.bundle.ui-testing";
		};
/* End PBXNativeTarget section */

/* Begin PBXProject section */
		314FBB4F2FC090F40098C39B /* Project object */ = {
			isa = PBXProject;
			attributes = {
				BuildIndependentTargetsInParallel = 1;
				LastSwiftUpdateCheck = 1520;
				LastUpgradeCheck = 1520;
				TargetAttributes = {
					314FBB562FC090F40098C39B = {
						CreatedOnToolsVersion = 15.2;
					};
					314FBB6F2FC090F60098C39B = {
						CreatedOnToolsVersion = 15.2;
						TestTargetID = 314FBB562FC090F40098C39B;
					};
					314FBB792FC090F60098C39B = {
						CreatedOnToolsVersion = 15.2;
						TestTargetID = 314FBB562FC090F40098C39B;
					};
				};
			};
			buildConfigurationList = 314FBB522FC090F40098C39B /* Build configuration list for PBXProject "SportsApp" */;
			compatibilityVersion = "Xcode 14.0";
			developmentRegion = en;
			hasScannedForEncodings = 0;
			knownRegions = (
				en,
				Base,
			);
			mainGroup = 314FBB4E2FC090F40098C39B;
			packageReferences = (
				31C3E72D2FC143FE00347DE2 /* XCRemoteSwiftPackageReference "SDWebImage" */,
				311B39CA2FC1F1DE00F0B22C /* XCRemoteSwiftPackageReference "Alamofire" */,
			);
			productRefGroup = 314FBB582FC090F40098C39B /* Products */;
			projectDirPath = "";
			projectRoot = "";
			targets = (
				314FBB562FC090F40098C39B /* SportsApp */,
				314FBB6F2FC090F60098C39B /* SportsAppTests */,
				314FBB792FC090F60098C39B /* SportsAppUITests */,
			);
		};
/* End PBXProject section */

/* Begin PBXResourcesBuildPhase section */
		314FBB552FC090F40098C39B /* Resources */ = {
			isa = PBXResourcesBuildPhase;
			buildActionMask = 2147483647;
			files = (
				311B39DC2FC2007600F0B22C /* SportCollectionViewCell.xib in Resources */,
				314FBB6A2FC090F60098C39B /* LaunchScreen.storyboard in Resources */,
				311B39E62FC2143800F0B22C /* LeagueTableViewCell.xib in Resources */,
				314FBB672FC090F60098C39B /* Assets.xcassets in Resources */,
				314FBB622FC090F40098C39B /* Main.storyboard in Resources */,
				311B39BE2FC1D2DA00F0B22C /* SectionHeaderView.xib in Resources */,
			);
			runOnlyForDeploymentPostprocessing = 0;
		};
		314FBB6E2FC090F60098C39B /* Resources */ = {
			isa = PBXResourcesBuildPhase;
			buildActionMask = 2147483647;
			files = (
			);
			runOnlyForDeploymentPostprocessing = 0;
		};
		314FBB782FC090F60098C39B /* Resources */ = {
			isa = PBXResourcesBuildPhase;
			buildActionMask = 2147483647;
			files = (
			);
			runOnlyForDeploymentPostprocessing = 0;
		};
/* End PBXResourcesBuildPhase section */

/* Begin PBXSourcesBuildPhase section */
		314FBB532FC090F40098C39B /* Sources */ = {
			isa = PBXSourcesBuildPhase;
			buildActionMask = 2147483647;
			files = (
				311B39E02FC213BE00F0B22C /* FavouritesViewController.swift in Sources */,
				3122A8162FC3B88F0047AA73 /* HeaderCollectionViewCell.swift in Sources */,
				9F0333292FC502DD006DBAFF /* TeamDetailsPresenter.swift in Sources */,
				9F3EF5382FC3E61A004048A2 /* TennisPlayerModel.swift in Sources */,
				31C3E7202FC11EB400347DE2 /* LeagueDetailsCollectionViewController.swift in Sources */,
				9F0D07482FC28157001DB23E /* TeamModel.swift in Sources */,
				314FBB5F2FC090F40098C39B /* ViewController.swift in Sources */,
				311B39E52FC2143800F0B22C /* LeagueTableViewCell.swift in Sources */,
				311B39BD2FC1D2DA00F0B22C /* SectionHeaderView.swift in Sources */,
				9F0D074A2FC28160001DB23E /* NetworkService.swift in Sources */,
				9FE078142FC2A88F00C0B4C0 /* LeaguesContract.swift in Sources */,
				9F0D07402FC28118001DB23E /* SportModel.swift in Sources */,
				314FBB5B2FC090F40098C39B /* AppDelegate.swift in Sources */,
				3122A8182FC3B8FE0047AA73 /* StatisticsCollectionViewCell.swift in Sources */,
				311B39D82FC2003300F0B22C /* SportsViewController.swift in Sources */,
				314FBB652FC090F40098C39B /* SportsApp.xcdatamodeld in Sources */,
				311B39DB2FC2007600F0B22C /* SportCollectionViewCell.swift in Sources */,
				9FE078122FC2A85800C0B4C0 /* UIImageView+Extension.swift in Sources */,
				311B39D52FC1F8C400F0B22C /* PlayerTableViewCell.swift in Sources */,
				3122A81B2FC3B9240047AA73 /* TournamentCollectionViewCell.swift in Sources */,
				9F0D07422FC2813C001DB23E /* APIResponse.swift in Sources */,
				31C3E7192FC11DA800347DE2 /* Contestant.swift in Sources */,
				3122A8122FC3B57D0047AA73 /* TennisPlayerViewController.swift in Sources */,
				9F3EF54D2FC3EFBF004048A2 /* FavouritesContract.swift in Sources */,
				9F0D07442FC28145001DB23E /* LeagueModel.swift in Sources */,
				9F3EF54F2FC3EFE8004048A2 /* FavouritesPresenter.swift in Sources */,
				9F02D85B2FC504F100396D01 /* TennisPlayerPresenter.swift in Sources */,
				31C3E71B2FC11DBE00347DE2 /* Fixture.swift in Sources */,
				31D79C042FC42F4F007688EB /* LeagueDetailsContract.swift in Sources */,
				31C3E72A2FC12C3000347DE2 /* LatestEventCollectionViewCell.swift in Sources */,
				31D79C022FC42D47007688EB /* LeagueDetailsPresenter.swift in Sources */,
				9F0333272FC502C7006DBAFF /* TeamDetailsViewProtocol.swift in Sources */,
				9F02D8592FC504DF00396D01 /* TennisPlayerViewProtocol.swift in Sources */,
				31C3E72C2FC12C3F00347DE2 /* ContestantCollectionViewCell.swift in Sources */,
				314FBB5D2FC090F40098C39B /* SceneDelegate.swift in Sources */,
				9F0D07462FC2814E001DB23E /* EventModel.swift in Sources */,
				311B39D22FC1F89300F0B22C /* TeamDetailsViewController.swift in Sources */,
				31C3E7282FC1266500347DE2 /* UpcomingEventCollectionViewCell.swift in Sources */,
				311B39E22FC213E300F0B22C /* LeaguesViewController.swift in Sources */,
				9F8D11712FC2963900B16926 /* SportsContract.swift in Sources */,
				9F8D11732FC2964E00B16926 /* SportsPresenter.swift in Sources */,
				9FE078162FC2A89900C0B4C0 /* LeaguesPresenter.swift in Sources */,
			);
			runOnlyForDeploymentPostprocessing = 0;
		};
		314FBB6C2FC090F60098C39B /* Sources */ = {
			isa = PBXSourcesBuildPhase;
			buildActionMask = 2147483647;
			files = (
				314FBB752FC090F60098C39B /* SportsAppTests.swift in Sources */,
			);
			runOnlyForDeploymentPostprocessing = 0;
		};
		314FBB762FC090F60098C39B /* Sources */ = {
			isa = PBXSourcesBuildPhase;
			buildActionMask = 2147483647;
			files = (
				314FBB7F2FC090F60098C39B /* SportsAppUITests.swift in Sources */,
				314FBB812FC090F60098C39B /* SportsAppUITestsLaunchTests.swift in Sources */,
			);
			runOnlyForDeploymentPostprocessing = 0;
		};
/* End PBXSourcesBuildPhase section */

/* Begin PBXTargetDependency section */
		314FBB722FC090F60098C39B /* PBXTargetDependency */ = {
			isa = PBXTargetDependency;
			target = 314FBB562FC090F40098C39B /* SportsApp */;
			targetProxy = 314FBB712FC090F60098C39B /* PBXContainerItemProxy */;
		};
		314FBB7C2FC090F60098C39B /* PBXTargetDependency */ = {
			isa = PBXTargetDependency;
			target = 314FBB562FC090F40098C39B /* SportsApp */;
			targetProxy = 314FBB7B2FC090F60098C39B /* PBXContainerItemProxy */;
		};
/* End PBXTargetDependency section */

/* Begin PBXVariantGroup section */
		314FBB602FC090F40098C39B /* Main.storyboard */ = {
			isa = PBXVariantGroup;
			children = (
				314FBB612FC090F40098C39B /* Base */,
			);
			name = Main.storyboard;
			sourceTree = "<group>";
		};
		314FBB682FC090F60098C39B /* LaunchScreen.storyboard */ = {
			isa = PBXVariantGroup;
			children = (
				314FBB692FC090F60098C39B /* Base */,
			);
			name = LaunchScreen.storyboard;
			sourceTree = "<group>";
		};
/* End PBXVariantGroup section */

/* Begin XCBuildConfiguration section */
		314FBB822FC090F60098C39B /* Debug */ = {
			isa = XCBuildConfiguration;
			buildSettings = {
				ALWAYS_SEARCH_USER_PATHS = NO;
				ASSETCATALOG_COMPILER_GENERATE_SWIFT_ASSET_SYMBOL_EXTENSIONS = YES;
				CLANG_ANALYZER_NONNULL = YES;
				CLANG_ANALYZER_NUMBER_OBJECT_CONVERSION = YES_AGGRESSIVE;
				CLANG_CXX_LANGUAGE_STANDARD = "gnu++20";
				CLANG_ENABLE_MODULES = YES;
				CLANG_ENABLE_OBJC_ARC = YES;
				CLANG_ENABLE_OBJC_WEAK = YES;
				CLANG_WARN_BLOCK_CAPTURE_AUTORELEASING = YES;
				CLANG_WARN_BOOL_CONVERSION = YES;
				CLANG_WARN_COMMA = YES;
				CLANG_WARN_CONSTANT_CONVERSION = YES;
				CLANG_WARN_DEPRECATED_OBJC_IMPLEMENTATIONS = YES;
				CLANG_WARN_DIRECT_OBJC_ISA_USAGE = YES_ERROR;
				CLANG_WARN_DOCUMENTATION_COMMENTS = YES;
				CLANG_WARN_EMPTY_BODY = YES;
				CLANG_WARN_ENUM_CONVERSION = YES;
				CLANG_WARN_INFINITE_RECURSION = YES;
				CLANG_WARN_INT_CONVERSION = YES;
				CLANG_WARN_NON_LITERAL_NULL_CONVERSION = YES;
				CLANG_WARN_OBJC_IMPLICIT_RETAIN_SELF = YES;
				CLANG_WARN_OBJC_LITERAL_CONVERSION = YES;
				CLANG_WARN_OBJC_ROOT_CLASS = YES_ERROR;
				CLANG_WARN_QUOTED_INCLUDE_IN_FRAMEWORK_HEADER = YES;
				CLANG_WARN_RANGE_LOOP_ANALYSIS = YES;
				CLANG_WARN_STRICT_PROTOTYPES = YES;
				CLANG_WARN_SUSPICIOUS_MOVE = YES;
				CLANG_WARN_UNGUARDED_AVAILABILITY = YES_AGGRESSIVE;
				CLANG_WARN_UNREACHABLE_CODE = YES;
				CLANG_WARN__DUPLICATE_METHOD_MATCH = YES;
				COPY_PHASE_STRIP = NO;
				DEBUG_INFORMATION_FORMAT = dwarf;
				ENABLE_STRICT_OBJC_MSGSEND = YES;
				ENABLE_TESTABILITY = YES;
				ENABLE_USER_SCRIPT_SANDBOXING = YES;
				GCC_C_LANGUAGE_STANDARD = gnu17;
				GCC_DYNAMIC_NO_PIC = NO;
				GCC_NO_COMMON_BLOCKS = YES;
				GCC_OPTIMIZATION_LEVEL = 0;
				GCC_PREPROCESSOR_DEFINITIONS = (
					"DEBUG=1",
					"$(inherited)",
				);
				GCC_WARN_64_TO_32_BIT_CONVERSION = YES;
				GCC_WARN_ABOUT_RETURN_TYPE = YES_ERROR;
				GCC_WARN_UNDECLARED_SELECTOR = YES;
				GCC_WARN_UNINITIALIZED_AUTOS = YES_AGGRESSIVE;
				GCC_WARN_UNUSED_FUNCTION = YES;
				GCC_WARN_UNUSED_VARIABLE = YES;
				IPHONEOS_DEPLOYMENT_TARGET = 17.2;
				LOCALIZATION_PREFERS_STRING_CATALOGS = YES;
				MTL_ENABLE_DEBUG_INFO = INCLUDE_SOURCE;
				MTL_FAST_MATH = YES;
				ONLY_ACTIVE_ARCH = YES;
				SDKROOT = iphoneos;
				SWIFT_ACTIVE_COMPILATION_CONDITIONS = "DEBUG $(inherited)";
				SWIFT_OPTIMIZATION_LEVEL = "-Onone";
			};
			name = Debug;
		};
		314FBB832FC090F60098C39B /* Release */ = {
			isa = XCBuildConfiguration;
			buildSettings = {
				ALWAYS_SEARCH_USER_PATHS = NO;
				ASSETCATALOG_COMPILER_GENERATE_SWIFT_ASSET_SYMBOL_EXTENSIONS = YES;
				CLANG_ANALYZER_NONNULL = YES;
				CLANG_ANALYZER_NUMBER_OBJECT_CONVERSION = YES_AGGRESSIVE;
				CLANG_CXX_LANGUAGE_STANDARD = "gnu++20";
				CLANG_ENABLE_MODULES = YES;
				CLANG_ENABLE_OBJC_ARC = YES;
				CLANG_ENABLE_OBJC_WEAK = YES;
				CLANG_WARN_BLOCK_CAPTURE_AUTORELEASING = YES;
				CLANG_WARN_BOOL_CONVERSION = YES;
				CLANG_WARN_COMMA = YES;
				CLANG_WARN_CONSTANT_CONVERSION = YES;
				CLANG_WARN_DEPRECATED_OBJC_IMPLEMENTATIONS = YES;
				CLANG_WARN_DIRECT_OBJC_ISA_USAGE = YES_ERROR;
				CLANG_WARN_DOCUMENTATION_COMMENTS = YES;
				CLANG_WARN_EMPTY_BODY = YES;
				CLANG_WARN_ENUM_CONVERSION = YES;
				CLANG_WARN_INFINITE_RECURSION = YES;
				CLANG_WARN_INT_CONVERSION = YES;
				CLANG_WARN_NON_LITERAL_NULL_CONVERSION = YES;
				CLANG_WARN_OBJC_IMPLICIT_RETAIN_SELF = YES;
				CLANG_WARN_OBJC_LITERAL_CONVERSION = YES;
				CLANG_WARN_OBJC_ROOT_CLASS = YES_ERROR;
				CLANG_WARN_QUOTED_INCLUDE_IN_FRAMEWORK_HEADER = YES;
				CLANG_WARN_RANGE_LOOP_ANALYSIS = YES;
				CLANG_WARN_STRICT_PROTOTYPES = YES;
				CLANG_WARN_SUSPICIOUS_MOVE = YES;
				CLANG_WARN_UNGUARDED_AVAILABILITY = YES_AGGRESSIVE;
				CLANG_WARN_UNREACHABLE_CODE = YES;
				CLANG_WARN__DUPLICATE_METHOD_MATCH = YES;
				COPY_PHASE_STRIP = NO;
				DEBUG_INFORMATION_FORMAT = "dwarf-with-dsym";
				ENABLE_NS_ASSERTIONS = NO;
				ENABLE_STRICT_OBJC_MSGSEND = YES;
				ENABLE_USER_SCRIPT_SANDBOXING = YES;
				GCC_C_LANGUAGE_STANDARD = gnu17;
				GCC_NO_COMMON_BLOCKS = YES;
				GCC_WARN_64_TO_32_BIT_CONVERSION = YES;
				GCC_WARN_ABOUT_RETURN_TYPE = YES_ERROR;
				GCC_WARN_UNDECLARED_SELECTOR = YES;
				GCC_WARN_UNINITIALIZED_AUTOS = YES_AGGRESSIVE;
				GCC_WARN_UNUSED_FUNCTION = YES;
				GCC_WARN_UNUSED_VARIABLE = YES;
				IPHONEOS_DEPLOYMENT_TARGET = 17.2;
				LOCALIZATION_PREFERS_STRING_CATALOGS = YES;
				MTL_ENABLE_DEBUG_INFO = NO;
				MTL_FAST_MATH = YES;
				SDKROOT = iphoneos;
				SWIFT_COMPILATION_MODE = wholemodule;
				VALIDATE_PRODUCT = YES;
			};
			name = Release;
		};
		314FBB852FC090F60098C39B /* Debug */ = {
			isa = XCBuildConfiguration;
			buildSettings = {
				ASSETCATALOG_COMPILER_APPICON_NAME = AppIcon;
				ASSETCATALOG_COMPILER_GLOBAL_ACCENT_COLOR_NAME = AccentColor;
				CODE_SIGN_STYLE = Automatic;
				CURRENT_PROJECT_VERSION = 1;
				GENERATE_INFOPLIST_FILE = YES;
				INFOPLIST_FILE = SportsApp/App/Info.plist;
				INFOPLIST_KEY_UIApplicationSupportsIndirectInputEvents = YES;
				INFOPLIST_KEY_UILaunchStoryboardName = LaunchScreen;
				INFOPLIST_KEY_UIMainStoryboardFile = Main;
				INFOPLIST_KEY_UISupportedInterfaceOrientations_iPad = "UIInterfaceOrientationPortrait UIInterfaceOrientationPortraitUpsideDown UIInterfaceOrientationLandscapeLeft UIInterfaceOrientationLandscapeRight";
				INFOPLIST_KEY_UISupportedInterfaceOrientations_iPhone = "UIInterfaceOrientationPortrait UIInterfaceOrientationLandscapeLeft UIInterfaceOrientationLandscapeRight";
				LD_RUNPATH_SEARCH_PATHS = (
					"$(inherited)",
					"@executable_path/Frameworks",
				);
				MARKETING_VERSION = 1.0;
				PRODUCT_BUNDLE_IDENTIFIER = com.app.SportsApp;
				PRODUCT_NAME = "$(TARGET_NAME)";
				SWIFT_EMIT_LOC_STRINGS = YES;
				SWIFT_VERSION = 5.0;
				TARGETED_DEVICE_FAMILY = "1,2";
			};
			name = Debug;
		};
		314FBB862FC090F60098C39B /* Release */ = {
			isa = XCBuildConfiguration;
			buildSettings = {
				ASSETCATALOG_COMPILER_APPICON_NAME = AppIcon;
				ASSETCATALOG_COMPILER_GLOBAL_ACCENT_COLOR_NAME = AccentColor;
				CODE_SIGN_STYLE = Automatic;
				CURRENT_PROJECT_VERSION = 1;
				GENERATE_INFOPLIST_FILE = YES;
				INFOPLIST_FILE = SportsApp/App/Info.plist;
				INFOPLIST_KEY_UIApplicationSupportsIndirectInputEvents = YES;
				INFOPLIST_KEY_UILaunchStoryboardName = LaunchScreen;
				INFOPLIST_KEY_UIMainStoryboardFile = Main;
				INFOPLIST_KEY_UISupportedInterfaceOrientations_iPad = "UIInterfaceOrientationPortrait UIInterfaceOrientationPortraitUpsideDown UIInterfaceOrientationLandscapeLeft UIInterfaceOrientationLandscapeRight";
				INFOPLIST_KEY_UISupportedInterfaceOrientations_iPhone = "UIInterfaceOrientationPortrait UIInterfaceOrientationLandscapeLeft UIInterfaceOrientationLandscapeRight";
				LD_RUNPATH_SEARCH_PATHS = (
					"$(inherited)",
					"@executable_path/Frameworks",
				);
				MARKETING_VERSION = 1.0;
				PRODUCT_BUNDLE_IDENTIFIER = com.app.SportsApp;
				PRODUCT_NAME = "$(TARGET_NAME)";
				SWIFT_EMIT_LOC_STRINGS = YES;
				SWIFT_VERSION = 5.0;
				TARGETED_DEVICE_FAMILY = "1,2";
			};
			name = Release;
		};
		314FBB882FC090F60098C39B /* Debug */ = {
			isa = XCBuildConfiguration;
			buildSettings = {
				ALWAYS_EMBED_SWIFT_STANDARD_LIBRARIES = YES;
				BUNDLE_LOADER = "$(TEST_HOST)";
				CODE_SIGN_STYLE = Automatic;
				CURRENT_PROJECT_VERSION = 1;
				GENERATE_INFOPLIST_FILE = YES;
				IPHONEOS_DEPLOYMENT_TARGET = 17.2;
				MARKETING_VERSION = 1.0;
				PRODUCT_BUNDLE_IDENTIFIER = com.app.SportsAppTests;
				PRODUCT_NAME = "$(TARGET_NAME)";
				SWIFT_EMIT_LOC_STRINGS = NO;
				SWIFT_VERSION = 5.0;
				TARGETED_DEVICE_FAMILY = "1,2";
				TEST_HOST = "$(BUILT_PRODUCTS_DIR)/SportsApp.app/$(BUNDLE_EXECUTABLE_FOLDER_PATH)/SportsApp";
			};
			name = Debug;
		};
		314FBB892FC090F60098C39B /* Release */ = {
			isa = XCBuildConfiguration;
			buildSettings = {
				ALWAYS_EMBED_SWIFT_STANDARD_LIBRARIES = YES;
				BUNDLE_LOADER = "$(TEST_HOST)";
				CODE_SIGN_STYLE = Automatic;
				CURRENT_PROJECT_VERSION = 1;
				GENERATE_INFOPLIST_FILE = YES;
				IPHONEOS_DEPLOYMENT_TARGET = 17.2;
				MARKETING_VERSION = 1.0;
				PRODUCT_BUNDLE_IDENTIFIER = com.app.SportsAppTests;
				PRODUCT_NAME = "$(TARGET_NAME)";
				SWIFT_EMIT_LOC_STRINGS = NO;
				SWIFT_VERSION = 5.0;
				TARGETED_DEVICE_FAMILY = "1,2";
				TEST_HOST = "$(BUILT_PRODUCTS_DIR)/SportsApp.app/$(BUNDLE_EXECUTABLE_FOLDER_PATH)/SportsApp";
			};
			name = Release;
		};
		314FBB8B2FC090F60098C39B /* Debug */ = {
			isa = XCBuildConfiguration;
			buildSettings = {
				ALWAYS_EMBED_SWIFT_STANDARD_LIBRARIES = YES;
				CODE_SIGN_STYLE = Automatic;
				CURRENT_PROJECT_VERSION = 1;
				GENERATE_INFOPLIST_FILE = YES;
				MARKETING_VERSION = 1.0;
				PRODUCT_BUNDLE_IDENTIFIER = com.app.SportsAppUITests;
				PRODUCT_NAME = "$(TARGET_NAME)";
				SWIFT_EMIT_LOC_STRINGS = NO;
				SWIFT_VERSION = 5.0;
				TARGETED_DEVICE_FAMILY = "1,2";
				TEST_TARGET_NAME = SportsApp;
			};
			name = Debug;
		};
		314FBB8C2FC090F60098C39B /* Release */ = {
			isa = XCBuildConfiguration;
			buildSettings = {
				ALWAYS_EMBED_SWIFT_STANDARD_LIBRARIES = YES;
				CODE_SIGN_STYLE = Automatic;
				CURRENT_PROJECT_VERSION = 1;
				GENERATE_INFOPLIST_FILE = YES;
				MARKETING_VERSION = 1.0;
				PRODUCT_BUNDLE_IDENTIFIER = com.app.SportsAppUITests;
				PRODUCT_NAME = "$(TARGET_NAME)";
				SWIFT_EMIT_LOC_STRINGS = NO;
				SWIFT_VERSION = 5.0;
				TARGETED_DEVICE_FAMILY = "1,2";
				TEST_TARGET_NAME = SportsApp;
			};
			name = Release;
		};
/* End XCBuildConfiguration section */

/* Begin XCConfigurationList section */
		314FBB522FC090F40098C39B /* Build configuration list for PBXProject "SportsApp" */ = {
			isa = XCConfigurationList;
			buildConfigurations = (
				314FBB822FC090F60098C39B /* Debug */,
				314FBB832FC090F60098C39B /* Release */,
			);
			defaultConfigurationIsVisible = 0;
			defaultConfigurationName = Release;
		};
		314FBB842FC090F60098C39B /* Build configuration list for PBXNativeTarget "SportsApp" */ = {
			isa = XCConfigurationList;
			buildConfigurations = (
				314FBB852FC090F60098C39B /* Debug */,
				314FBB862FC090F60098C39B /* Release */,
			);
			defaultConfigurationIsVisible = 0;
			defaultConfigurationName = Release;
		};
		314FBB872FC090F60098C39B /* Build configuration list for PBXNativeTarget "SportsAppTests" */ = {
			isa = XCConfigurationList;
			buildConfigurations = (
				314FBB882FC090F60098C39B /* Debug */,
				314FBB892FC090F60098C39B /* Release */,
			);
			defaultConfigurationIsVisible = 0;
			defaultConfigurationName = Release;
		};
		314FBB8A2FC090F60098C39B /* Build configuration list for PBXNativeTarget "SportsAppUITests" */ = {
			isa = XCConfigurationList;
			buildConfigurations = (
				314FBB8B2FC090F60098C39B /* Debug */,
				314FBB8C2FC090F60098C39B /* Release */,
			);
			defaultConfigurationIsVisible = 0;
			defaultConfigurationName = Release;
		};
/* End XCConfigurationList section */

/* Begin XCRemoteSwiftPackageReference section */
		311B39CA2FC1F1DE00F0B22C /* XCRemoteSwiftPackageReference "Alamofire" */ = {
			isa = XCRemoteSwiftPackageReference;
			repositoryURL = "https://github.com/Alamofire/Alamofire";
			requirement = {
				kind = upToNextMajorVersion;
				minimumVersion = 5.10.0;
			};
		};
		31C3E72D2FC143FE00347DE2 /* XCRemoteSwiftPackageReference "SDWebImage" */ = {
			isa = XCRemoteSwiftPackageReference;
			repositoryURL = "https://github.com/SDWebImage/SDWebImage.git";
			requirement = {
				kind = upToNextMajorVersion;
				minimumVersion = 5.21.7;
			};
		};
/* End XCRemoteSwiftPackageReference section */

/* Begin XCSwiftPackageProductDependency section */
		311B39CB2FC1F1F700F0B22C /* Alamofire */ = {
			isa = XCSwiftPackageProductDependency;
			package = 311B39CA2FC1F1DE00F0B22C /* XCRemoteSwiftPackageReference "Alamofire" */;
			productName = Alamofire;
		};
		31C3E72F2FC1441800347DE2 /* SDWebImage */ = {
			isa = XCSwiftPackageProductDependency;
			package = 31C3E72D2FC143FE00347DE2 /* XCRemoteSwiftPackageReference "SDWebImage" */;
			productName = SDWebImage;
		};
		31C3E7312FC1441800347DE2 /* SDWebImageMapKit */ = {
			isa = XCSwiftPackageProductDependency;
			package = 31C3E72D2FC143FE00347DE2 /* XCRemoteSwiftPackageReference "SDWebImage" */;
			productName = SDWebImageMapKit;
		};
/* End XCSwiftPackageProductDependency section */

/* Begin XCVersionGroup section */
		314FBB632FC090F40098C39B /* SportsApp.xcdatamodeld */ = {
			isa = XCVersionGroup;
			children = (
				314FBB642FC090F40098C39B /* SportsApp.xcdatamodel */,
			);
			currentVersion = 314FBB642FC090F40098C39B /* SportsApp.xcdatamodel */;
			path = SportsApp.xcdatamodeld;
			sourceTree = "<group>";
			versionGroupType = wrapper.xcdatamodel;
		};
/* End XCVersionGroup section */
	};
	rootObject = 314FBB4F2FC090F40098C39B /* Project object */;
}
